
Microsoft Visual Studio Solution File, Format Version 12.00
# Visual Studio Version 17
VisualStudioVersion = 17.4.33110.190
MinimumVisualStudioVersion = 10.0.40219.1
Project("{FAE04EC0-301F-11D3-BF4B-00C04F79EFBC}") = "Stamparray", "Stamparray\Stamparray.csproj", "{CDE86396-7E04-4166-BBA3-F7CAA3C26931}"
EndProject
Global
	GlobalSection(SolutionConfigurationPlatforms) = preSolution
		Debug|Any CPU = Debug|Any CPU
		Release|Any CPU = Release|Any CPU
	EndGlobalSection
	GlobalSection(ProjectConfigurationPlatforms) = postSolution
		{CDE86396-7E04-4166-BBA3-F7CAA3C26931}.Debug|Any CPU.ActiveCfg = Debug|Any CPU
		{CDE86396-7E04-4166-BBA3-F7CAA3C26931}.Debug|Any CPU.Build.0 = Debug|Any CPU
		{CDE86396-7E04-4166-BBA3-F7CAA3C26931}.Release|Any CPU.ActiveCfg = Release|Any CPU
		{CDE86396-7E04-4166-BBA3-F7CAA3C26931}.Release|Any CPU.Build.0 = Release|Any CPU
	EndGlobalSection
	GlobalSection(SolutionProperties) = preSolution
		HideSolutionNode = FALSE
	EndGlobalSection
	GlobalSection(ExtensibilityGlobals) = postSolution
		SolutionGuid = {A8B268FD-59F4-4968-95F6-3EA2D64A0F46}
	EndGlobalSection
EndGlobal
